
Microsoft Visual Studio Solution File, Format Version 12.00
# Visual Studio Version 16
VisualStudioVersion = 16.0.29613.14
MinimumVisualStudioVersion = 10.0.40219.1
Project("{FAE04EC0-301F-11D3-BF4B-00C04F79EFBC}") = "ConsoleApp73", "ConsoleApp73\ConsoleApp73.csproj", "{67F9A4CB-DF8D-4451-AB53-D65AA1BE67BD}"
EndProject
Global
	GlobalSection(SolutionConfigurationPlatforms) = preSolution
		Debug|Any CPU = Debug|Any CPU
		Release|Any CPU = Release|Any CPU
	EndGlobalSection
	GlobalSection(ProjectConfigurationPlatforms) = postSolution
		{67F9A4CB-DF8D-4451-AB53-D65AA1BE67BD}.Debug|Any CPU.ActiveCfg = Debug|Any CPU
		{67F9A4CB-DF8D-4451-AB53-D65AA1BE67BD}.Debug|Any CPU.Build.0 = Debug|Any CPU
		{67F9A4CB-DF8D-4451-AB53-D65AA1BE67BD}.Release|Any CPU.ActiveCfg = Release|Any CPU
		{67F9A4CB-DF8D-4451-AB53-D65AA1BE67BD}.Release|Any CPU.Build.0 = Release|Any CPU
	EndGlobalSection
	GlobalSection(SolutionProperties) = preSolution
		HideSolutionNode = FALSE
	EndGlobalSection
	GlobalSection(ExtensibilityGlobals) = postSolution
		SolutionGuid = {B4758457-E708-4165-BFA6-1D5E759E2B93}
	EndGlobalSection
EndGlobal
